
Microsoft Visual Studio Solution File, Format Version 12.00
# Visual Studio Version 16
VisualStudioVersion = 16.0.31205.134
MinimumVisualStudioVersion = 10.0.40219.1
Project("{FAE04EC0-301F-11D3-BF4B-00C04F79EFBC}") = "Logica", "Logica\Logica.csproj", "{7DA64266-BB1B-40F0-8226-70A5715EF60B}"
EndProject
Project("{FAE04EC0-301F-11D3-BF4B-00C04F79EFBC}") = "WebAppiParcial2", "WebAppiParcial2\WebAppiParcial2.csproj", "{A81B89DD-22D0-4883-974E-3EBAEA4FB73F}"
EndProject
Project("{FAE04EC0-301F-11D3-BF4B-00C04F79EFBC}") = "WebAppiParcial2.Tests", "WebAppiParcial2.Tests\WebAppiParcial2.Tests.csproj", "{09E158E2-7E61-44AB-83A6-92310C0185DC}"
EndProject
Global
	GlobalSection(SolutionConfigurationPlatforms) = preSolution
		Debug|Any CPU = Debug|Any CPU
		Release|Any CPU = Release|Any CPU
	EndGlobalSection
	GlobalSection(ProjectConfigurationPlatforms) = postSolution
		{7DA64266-BB1B-40F0-8226-70A5715EF60B}.Debug|Any CPU.ActiveCfg = Debug|Any CPU
		{7DA64266-BB1B-40F0-8226-70A5715EF60B}.Debug|Any CPU.Build.0 = Debug|Any CPU
		{7DA64266-BB1B-40F0-8226-70A5715EF60B}.Release|Any CPU.ActiveCfg = Release|Any CPU
		{7DA64266-BB1B-40F0-8226-70A5715EF60B}.Release|Any CPU.Build.0 = Release|Any CPU
		{A81B89DD-22D0-4883-974E-3EBAEA4FB73F}.Debug|Any CPU.ActiveCfg = Debug|Any CPU
		{A81B89DD-22D0-4883-974E-3EBAEA4FB73F}.Debug|Any CPU.Build.0 = Debug|Any CPU
		{A81B89DD-22D0-4883-974E-3EBAEA4FB73F}.Release|Any CPU.ActiveCfg = Release|Any CPU
		{A81B89DD-22D0-4883-974E-3EBAEA4FB73F}.Release|Any CPU.Build.0 = Release|Any CPU
		{09E158E2-7E61-44AB-83A6-92310C0185DC}.Debug|Any CPU.ActiveCfg = Debug|Any CPU
		{09E158E2-7E61-44AB-83A6-92310C0185DC}.Debug|Any CPU.Build.0 = Debug|Any CPU
		{09E158E2-7E61-44AB-83A6-92310C0185DC}.Release|Any CPU.ActiveCfg = Release|Any CPU
		{09E158E2-7E61-44AB-83A6-92310C0185DC}.Release|Any CPU.Build.0 = Release|Any CPU
	EndGlobalSection
	GlobalSection(SolutionProperties) = preSolution
		HideSolutionNode = FALSE
	EndGlobalSection
	GlobalSection(ExtensibilityGlobals) = postSolution
		SolutionGuid = {D76E71E9-0AA5-403B-A4C2-006F3A476E3B}
	EndGlobalSection
EndGlobal
